
Microsoft Visual Studio Solution File, Format Version 12.00
# Visual Studio Version 16
VisualStudioVersion = 16.0.30309.148
MinimumVisualStudioVersion = 10.0.40219.1
Project("{FAE04EC0-301F-11D3-BF4B-00C04F79EFBC}") = "TemaFinala", "TemaFinala\TemaFinala.csproj", "{F1EF8E25-94B2-4CA6-AF3F-FFD593FE861B}"
EndProject
Global
	GlobalSection(SolutionConfigurationPlatforms) = preSolution
		Debug|Any CPU = Debug|Any CPU
		Release|Any CPU = Release|Any CPU
	EndGlobalSection
	GlobalSection(ProjectConfigurationPlatforms) = postSolution
		{F1EF8E25-94B2-4CA6-AF3F-FFD593FE861B}.Debug|Any CPU.ActiveCfg = Debug|Any CPU
		{F1EF8E25-94B2-4CA6-AF3F-FFD593FE861B}.Debug|Any CPU.Build.0 = Debug|Any CPU
		{F1EF8E25-94B2-4CA6-AF3F-FFD593FE861B}.Release|Any CPU.ActiveCfg = Release|Any CPU
		{F1EF8E25-94B2-4CA6-AF3F-FFD593FE861B}.Release|Any CPU.Build.0 = Release|Any CPU
	EndGlobalSection
	GlobalSection(SolutionProperties) = preSolution
		HideSolutionNode = FALSE
	EndGlobalSection
	GlobalSection(ExtensibilityGlobals) = postSolution
		SolutionGuid = {390E448A-3DF4-4AD5-92FA-18B0403E43F2}
	EndGlobalSection
EndGlobal
